git.in.codoon.com/backend/gps_data_base v0.0.0-20210721075222-68e3dc8a4542 h1:jnVgsiFdxi7ULynSL+acRmETCl+hM1EZXD9geQz6kVg=
git.in.codoon.com/backend/gps_data_base v0.0.0-20210721075222-68e3dc8a4542/go.mod h1:TkS0XoALUcwIq6+YCK6ePVnTrGaH8sxrI6KsV+RwCq4=
github.com/golang/protobuf v1.3.2 h1:6nsPYzhq5kReh6QImI3k5qWzO4PEbvbIW2cwSfR/6xs=
github.com/golang/protobuf v1.3.2/go.mod h1:6lQm79b+lXiMfvg/cZm0SGofjICqVBUtrP5yJMmIC1U=
